
Microsoft Visual Studio Solution File, Format Version 12.00
# Visual Studio Version 17
VisualStudioVersion = 17.2.32630.192
MinimumVisualStudioVersion = 10.0.40219.1
Project("{8BC9CEB8-8B4A-11D0-8D11-00A0C91BC942}") = "OS", "OS\OS.vcxproj", "{44C3E20C-AEAF-489E-BF21-440EACA6D7F4}"
EndProject
Project("{8BC9CEB8-8B4A-11D0-8D11-00A0C91BC942}") = "Lab1", "Lab1\Lab1.vcxproj", "{408EEF81-1A23-4EED-AA09-ADB9B14A434A}"
EndProject
Project("{8BC9CEB8-8B4A-11D0-8D11-00A0C91BC942}") = "Lab2", "Lab2\Lab2.vcxproj", "{B4B1D5F4-BCBE-4B26-8676-0C6CB17B0C5A}"
EndProject
Project("{8BC9CEB8-8B4A-11D0-8D11-00A0C91BC942}") = "Lab3", "Lab3\Lab3.vcxproj", "{E6E3DAAD-7916-4D48-B268-F8811C0DB567}"
EndProject
Global
	GlobalSection(SolutionConfigurationPlatforms) = preSolution
		Debug|x64 = Debug|x64
		Debug|x86 = Debug|x86
		Release|x64 = Release|x64
		Release|x86 = Release|x86
	EndGlobalSection
	GlobalSection(ProjectConfigurationPlatforms) = postSolution
		{44C3E20C-AEAF-489E-BF21-440EACA6D7F4}.Debug|x64.ActiveCfg = Debug|x64
		{44C3E20C-AEAF-489E-BF21-440EACA6D7F4}.Debug|x64.Build.0 = Debug|x64
		{44C3E20C-AEAF-489E-BF21-440EACA6D7F4}.Debug|x86.ActiveCfg = Debug|Win32
		{44C3E20C-AEAF-489E-BF21-440EACA6D7F4}.Debug|x86.Build.0 = Debug|Win32
		{44C3E20C-AEAF-489E-BF21-440EACA6D7F4}.Release|x64.ActiveCfg = Release|x64
		{44C3E20C-AEAF-489E-BF21-440EACA6D7F4}.Release|x64.Build.0 = Release|x64
		{44C3E20C-AEAF-489E-BF21-440EACA6D7F4}.Release|x86.ActiveCfg = Release|Win32
		{44C3E20C-AEAF-489E-BF21-440EACA6D7F4}.Release|x86.Build.0 = Release|Win32
		{408EEF81-1A23-4EED-AA09-ADB9B14A434A}.Debug|x64.ActiveCfg = Debug|x64
		{408EEF81-1A23-4EED-AA09-ADB9B14A434A}.Debug|x64.Build.0 = Debug|x64
		{408EEF81-1A23-4EED-AA09-ADB9B14A434A}.Debug|x86.ActiveCfg = Debug|Win32
		{408EEF81-1A23-4EED-AA09-ADB9B14A434A}.Debug|x86.Build.0 = Debug|Win32
		{408EEF81-1A23-4EED-AA09-ADB9B14A434A}.Release|x64.ActiveCfg = Release|x64
		{408EEF81-1A23-4EED-AA09-ADB9B14A434A}.Release|x64.Build.0 = Release|x64
		{408EEF81-1A23-4EED-AA09-ADB9B14A434A}.Release|x86.ActiveCfg = Release|Win32
		{408EEF81-1A23-4EED-AA09-ADB9B14A434A}.Release|x86.Build.0 = Release|Win32
		{B4B1D5F4-BCBE-4B26-8676-0C6CB17B0C5A}.Debug|x64.ActiveCfg = Debug|x64
		{B4B1D5F4-BCBE-4B26-8676-0C6CB17B0C5A}.Debug|x64.Build.0 = Debug|x64
		{B4B1D5F4-BCBE-4B26-8676-0C6CB17B0C5A}.Debug|x86.ActiveCfg = Debug|Win32
		{B4B1D5F4-BCBE-4B26-8676-0C6CB17B0C5A}.Debug|x86.Build.0 = Debug|Win32
		{B4B1D5F4-BCBE-4B26-8676-0C6CB17B0C5A}.Release|x64.ActiveCfg = Release|x64
		{B4B1D5F4-BCBE-4B26-8676-0C6CB17B0C5A}.Release|x64.Build.0 = Release|x64
		{B4B1D5F4-BCBE-4B26-8676-0C6CB17B0C5A}.Release|x86.ActiveCfg = Release|Win32
		{B4B1D5F4-BCBE-4B26-8676-0C6CB17B0C5A}.Release|x86.Build.0 = Release|Win32
		{E6E3DAAD-7916-4D48-B268-F8811C0DB567}.Debug|x64.ActiveCfg = Debug|x64
		{E6E3DAAD-7916-4D48-B268-F8811C0DB567}.Debug|x64.Build.0 = Debug|x64
		{E6E3DAAD-7916-4D48-B268-F8811C0DB567}.Debug|x86.ActiveCfg = Debug|Win32
		{E6E3DAAD-7916-4D48-B268-F8811C0DB567}.Debug|x86.Build.0 = Debug|Win32
		{E6E3DAAD-7916-4D48-B268-F8811C0DB567}.Release|x64.ActiveCfg = Release|x64
		{E6E3DAAD-7916-4D48-B268-F8811C0DB567}.Release|x64.Build.0 = Release|x64
		{E6E3DAAD-7916-4D48-B268-F8811C0DB567}.Release|x86.ActiveCfg = Release|Win32
		{E6E3DAAD-7916-4D48-B268-F8811C0DB567}.Release|x86.Build.0 = Release|Win32
	EndGlobalSection
	GlobalSection(SolutionProperties) = preSolution
		HideSolutionNode = FALSE
	EndGlobalSection
	GlobalSection(ExtensibilityGlobals) = postSolution
		SolutionGuid = {62F368A9-6E63-4CC2-9E14-49C27E5B2EF3}
	EndGlobalSection
EndGlobal
