
Microsoft Visual Studio Solution File, Format Version 12.00
# Visual Studio Version 17
VisualStudioVersion = 17.2.32630.192
MinimumVisualStudioVersion = 10.0.40219.1
Project("{8BC9CEB8-8B4A-11D0-8D11-00A0C91BC942}") = "OS", "OS\OS.vcxproj", "{44C3E20C-AEAF-489E-BF21-440EACA6D7F4}"
EndProject
Project("{8BC9CEB8-8B4A-11D0-8D11-00A0C91BC942}") = "Lab1", "Lab1\Lab1.vcxproj", "{408EEF81-1A23-4EED-AA09-ADB9B14A434A}"
EndProject
Project("{8BC9CEB8-8B4A-11D0-8D11-00A0C91BC942}") = "Lab2", "Lab2\Lab2.vcxproj", "{B4B1D5F4-BCBE-4B26-8676-0C6CB17B0C5A}"
EndProject
Project("{8BC9CEB8-8B4A-11D0-8D11-00A0C91BC942}") = "Lab3", "Lab3\Lab3.vcxproj", "{E6E3DAAD-7916-4D48-B268-F8811C0DB567}"
EndProject
Project("{8BC9CEB8-8B4A-11D0-8D11-00A0C91BC942}") = "Lab4", "Lab4\Lab4.vcxproj", "{DEBCB52B-F05B-4210-AB7E-BA0AF72A1A84}"
EndProject
Project("{8BC9CEB8-8B4A-11D0-8D11-00A0C91BC942}") = "Lab4Sender", "Lab4Signaler\Lab4Signaler.vcxproj", "{86ADD05D-239A-4B1F-81E9-AC340813943A}"
EndProject
Project("{8BC9CEB8-8B4A-11D0-8D11-00A0C91BC942}") = "Lab4Receiver", "Lab4Receiver\Lab4Receiver.vcxproj", "{97A0092F-39E2-480C-907A-5A2D48BB8B86}"
EndProject
Project("{8BC9CEB8-8B4A-11D0-8D11-00A0C91BC942}") = "Lab4GasStation", "Lab4GasStation\Lab4GasStation.vcxproj", "{3DFFB998-6C76-4E49-8CAF-C855AE105C07}"
EndProject
Project("{8BC9CEB8-8B4A-11D0-8D11-00A0C91BC942}") = "Lab4CopyServer", "Lab4CopyServer\Lab4CopyServer.vcxproj", "{553949BF-C510-4FED-ADEA-A49725C23E9A}"
EndProject
Project("{8BC9CEB8-8B4A-11D0-8D11-00A0C91BC942}") = "Lab4CopyClient", "Lab4CopyClient\Lab4CopyClient.vcxproj", "{C9786873-C929-4A55-9440-1E297AB506DD}"
EndProject
Project("{8BC9CEB8-8B4A-11D0-8D11-00A0C91BC942}") = "Lab4CypherServer", "Lab4CypherServer\Lab4CypherServer.vcxproj", "{1C57E1BC-BB6D-480B-901A-1155C27CEDB5}"
EndProject
Project("{8BC9CEB8-8B4A-11D0-8D11-00A0C91BC942}") = "Lab4CypherClient", "Lab4CypherClient\Lab4CypherClient.vcxproj", "{0F33D541-C4D1-4A9C-88CB-24BDF6775D7E}"
EndProject
Project("{8BC9CEB8-8B4A-11D0-8D11-00A0C91BC942}") = "Lab4Battleship", "Lab4Battleship\Lab4Battleship.vcxproj", "{C095FD61-4285-40F5-8360-EBD904A89A92}"
EndProject
Global
	GlobalSection(SolutionConfigurationPlatforms) = preSolution
		Debug|x64 = Debug|x64
		Debug|x86 = Debug|x86
		Release|x64 = Release|x64
		Release|x86 = Release|x86
	EndGlobalSection
	GlobalSection(ProjectConfigurationPlatforms) = postSolution
		{44C3E20C-AEAF-489E-BF21-440EACA6D7F4}.Debug|x64.ActiveCfg = Debug|x64
		{44C3E20C-AEAF-489E-BF21-440EACA6D7F4}.Debug|x64.Build.0 = Debug|x64
		{44C3E20C-AEAF-489E-BF21-440EACA6D7F4}.Debug|x86.ActiveCfg = Debug|Win32
		{44C3E20C-AEAF-489E-BF21-440EACA6D7F4}.Debug|x86.Build.0 = Debug|Win32
		{44C3E20C-AEAF-489E-BF21-440EACA6D7F4}.Release|x64.ActiveCfg = Release|x64
		{44C3E20C-AEAF-489E-BF21-440EACA6D7F4}.Release|x64.Build.0 = Release|x64
		{44C3E20C-AEAF-489E-BF21-440EACA6D7F4}.Release|x86.ActiveCfg = Release|Win32
		{44C3E20C-AEAF-489E-BF21-440EACA6D7F4}.Release|x86.Build.0 = Release|Win32
		{408EEF81-1A23-4EED-AA09-ADB9B14A434A}.Debug|x64.ActiveCfg = Debug|x64
		{408EEF81-1A23-4EED-AA09-ADB9B14A434A}.Debug|x64.Build.0 = Debug|x64
		{408EEF81-1A23-4EED-AA09-ADB9B14A434A}.Debug|x86.ActiveCfg = Debug|Win32
		{408EEF81-1A23-4EED-AA09-ADB9B14A434A}.Debug|x86.Build.0 = Debug|Win32
		{408EEF81-1A23-4EED-AA09-ADB9B14A434A}.Release|x64.ActiveCfg = Release|x64
		{408EEF81-1A23-4EED-AA09-ADB9B14A434A}.Release|x64.Build.0 = Release|x64
		{408EEF81-1A23-4EED-AA09-ADB9B14A434A}.Release|x86.ActiveCfg = Release|Win32
		{408EEF81-1A23-4EED-AA09-ADB9B14A434A}.Release|x86.Build.0 = Release|Win32
		{B4B1D5F4-BCBE-4B26-8676-0C6CB17B0C5A}.Debug|x64.ActiveCfg = Debug|x64
		{B4B1D5F4-BCBE-4B26-8676-0C6CB17B0C5A}.Debug|x64.Build.0 = Debug|x64
		{B4B1D5F4-BCBE-4B26-8676-0C6CB17B0C5A}.Debug|x86.ActiveCfg = Debug|Win32
		{B4B1D5F4-BCBE-4B26-8676-0C6CB17B0C5A}.Debug|x86.Build.0 = Debug|Win32
		{B4B1D5F4-BCBE-4B26-8676-0C6CB17B0C5A}.Release|x64.ActiveCfg = Release|x64
		{B4B1D5F4-BCBE-4B26-8676-0C6CB17B0C5A}.Release|x64.Build.0 = Release|x64
		{B4B1D5F4-BCBE-4B26-8676-0C6CB17B0C5A}.Release|x86.ActiveCfg = Release|Win32
		{B4B1D5F4-BCBE-4B26-8676-0C6CB17B0C5A}.Release|x86.Build.0 = Release|Win32
		{E6E3DAAD-7916-4D48-B268-F8811C0DB567}.Debug|x64.ActiveCfg = Debug|x64
		{E6E3DAAD-7916-4D48-B268-F8811C0DB567}.Debug|x64.Build.0 = Debug|x64
		{E6E3DAAD-7916-4D48-B268-F8811C0DB567}.Debug|x86.ActiveCfg = Debug|Win32
		{E6E3DAAD-7916-4D48-B268-F8811C0DB567}.Debug|x86.Build.0 = Debug|Win32
		{E6E3DAAD-7916-4D48-B268-F8811C0DB567}.Release|x64.ActiveCfg = Release|x64
		{E6E3DAAD-7916-4D48-B268-F8811C0DB567}.Release|x64.Build.0 = Release|x64
		{E6E3DAAD-7916-4D48-B268-F8811C0DB567}.Release|x86.ActiveCfg = Release|Win32
		{E6E3DAAD-7916-4D48-B268-F8811C0DB567}.Release|x86.Build.0 = Release|Win32
		{DEBCB52B-F05B-4210-AB7E-BA0AF72A1A84}.Debug|x64.ActiveCfg = Debug|x64
		{DEBCB52B-F05B-4210-AB7E-BA0AF72A1A84}.Debug|x64.Build.0 = Debug|x64
		{DEBCB52B-F05B-4210-AB7E-BA0AF72A1A84}.Debug|x86.ActiveCfg = Debug|Win32
		{DEBCB52B-F05B-4210-AB7E-BA0AF72A1A84}.Debug|x86.Build.0 = Debug|Win32
		{DEBCB52B-F05B-4210-AB7E-BA0AF72A1A84}.Release|x64.ActiveCfg = Release|x64
		{DEBCB52B-F05B-4210-AB7E-BA0AF72A1A84}.Release|x64.Build.0 = Release|x64
		{DEBCB52B-F05B-4210-AB7E-BA0AF72A1A84}.Release|x86.ActiveCfg = Release|Win32
		{DEBCB52B-F05B-4210-AB7E-BA0AF72A1A84}.Release|x86.Build.0 = Release|Win32
		{86ADD05D-239A-4B1F-81E9-AC340813943A}.Debug|x64.ActiveCfg = Debug|x64
		{86ADD05D-239A-4B1F-81E9-AC340813943A}.Debug|x64.Build.0 = Debug|x64
		{86ADD05D-239A-4B1F-81E9-AC340813943A}.Debug|x86.ActiveCfg = Debug|Win32
		{86ADD05D-239A-4B1F-81E9-AC340813943A}.Debug|x86.Build.0 = Debug|Win32
		{86ADD05D-239A-4B1F-81E9-AC340813943A}.Release|x64.ActiveCfg = Release|x64
		{86ADD05D-239A-4B1F-81E9-AC340813943A}.Release|x64.Build.0 = Release|x64
		{86ADD05D-239A-4B1F-81E9-AC340813943A}.Release|x86.ActiveCfg = Release|Win32
		{86ADD05D-239A-4B1F-81E9-AC340813943A}.Release|x86.Build.0 = Release|Win32
		{97A0092F-39E2-480C-907A-5A2D48BB8B86}.Debug|x64.ActiveCfg = Debug|x64
		{97A0092F-39E2-480C-907A-5A2D48BB8B86}.Debug|x64.Build.0 = Debug|x64
		{97A0092F-39E2-480C-907A-5A2D48BB8B86}.Debug|x86.ActiveCfg = Debug|Win32
		{97A0092F-39E2-480C-907A-5A2D48BB8B86}.Debug|x86.Build.0 = Debug|Win32
		{97A0092F-39E2-480C-907A-5A2D48BB8B86}.Release|x64.ActiveCfg = Release|x64
		{97A0092F-39E2-480C-907A-5A2D48BB8B86}.Release|x64.Build.0 = Release|x64
		{97A0092F-39E2-480C-907A-5A2D48BB8B86}.Release|x86.ActiveCfg = Release|Win32
		{97A0092F-39E2-480C-907A-5A2D48BB8B86}.Release|x86.Build.0 = Release|Win32
		{3DFFB998-6C76-4E49-8CAF-C855AE105C07}.Debug|x64.ActiveCfg = Debug|x64
		{3DFFB998-6C76-4E49-8CAF-C855AE105C07}.Debug|x64.Build.0 = Debug|x64
		{3DFFB998-6C76-4E49-8CAF-C855AE105C07}.Debug|x86.ActiveCfg = Debug|Win32
		{3DFFB998-6C76-4E49-8CAF-C855AE105C07}.Debug|x86.Build.0 = Debug|Win32
		{3DFFB998-6C76-4E49-8CAF-C855AE105C07}.Release|x64.ActiveCfg = Release|x64
		{3DFFB998-6C76-4E49-8CAF-C855AE105C07}.Release|x64.Build.0 = Release|x64
		{3DFFB998-6C76-4E49-8CAF-C855AE105C07}.Release|x86.ActiveCfg = Release|Win32
		{3DFFB998-6C76-4E49-8CAF-C855AE105C07}.Release|x86.Build.0 = Release|Win32
		{553949BF-C510-4FED-ADEA-A49725C23E9A}.Debug|x64.ActiveCfg = Debug|x64
		{553949BF-C510-4FED-ADEA-A49725C23E9A}.Debug|x64.Build.0 = Debug|x64
		{553949BF-C510-4FED-ADEA-A49725C23E9A}.Debug|x86.ActiveCfg = Debug|Win32
		{553949BF-C510-4FED-ADEA-A49725C23E9A}.Debug|x86.Build.0 = Debug|Win32
		{553949BF-C510-4FED-ADEA-A49725C23E9A}.Release|x64.ActiveCfg = Release|x64
		{553949BF-C510-4FED-ADEA-A49725C23E9A}.Release|x64.Build.0 = Release|x64
		{553949BF-C510-4FED-ADEA-A49725C23E9A}.Release|x86.ActiveCfg = Release|Win32
		{553949BF-C510-4FED-ADEA-A49725C23E9A}.Release|x86.Build.0 = Release|Win32
		{C9786873-C929-4A55-9440-1E297AB506DD}.Debug|x64.ActiveCfg = Debug|x64
		{C9786873-C929-4A55-9440-1E297AB506DD}.Debug|x64.Build.0 = Debug|x64
		{C9786873-C929-4A55-9440-1E297AB506DD}.Debug|x86.ActiveCfg = Debug|Win32
		{C9786873-C929-4A55-9440-1E297AB506DD}.Debug|x86.Build.0 = Debug|Win32
		{C9786873-C929-4A55-9440-1E297AB506DD}.Release|x64.ActiveCfg = Release|x64
		{C9786873-C929-4A55-9440-1E297AB506DD}.Release|x64.Build.0 = Release|x64
		{C9786873-C929-4A55-9440-1E297AB506DD}.Release|x86.ActiveCfg = Release|Win32
		{C9786873-C929-4A55-9440-1E297AB506DD}.Release|x86.Build.0 = Release|Win32
		{1C57E1BC-BB6D-480B-901A-1155C27CEDB5}.Debug|x64.ActiveCfg = Debug|x64
		{1C57E1BC-BB6D-480B-901A-1155C27CEDB5}.Debug|x64.Build.0 = Debug|x64
		{1C57E1BC-BB6D-480B-901A-1155C27CEDB5}.Debug|x86.ActiveCfg = Debug|Win32
		{1C57E1BC-BB6D-480B-901A-1155C27CEDB5}.Debug|x86.Build.0 = Debug|Win32
		{1C57E1BC-BB6D-480B-901A-1155C27CEDB5}.Release|x64.ActiveCfg = Release|x64
		{1C57E1BC-BB6D-480B-901A-1155C27CEDB5}.Release|x64.Build.0 = Release|x64
		{1C57E1BC-BB6D-480B-901A-1155C27CEDB5}.Release|x86.ActiveCfg = Release|Win32
		{1C57E1BC-BB6D-480B-901A-1155C27CEDB5}.Release|x86.Build.0 = Release|Win32
		{0F33D541-C4D1-4A9C-88CB-24BDF6775D7E}.Debug|x64.ActiveCfg = Debug|x64
		{0F33D541-C4D1-4A9C-88CB-24BDF6775D7E}.Debug|x64.Build.0 = Debug|x64
		{0F33D541-C4D1-4A9C-88CB-24BDF6775D7E}.Debug|x86.ActiveCfg = Debug|Win32
		{0F33D541-C4D1-4A9C-88CB-24BDF6775D7E}.Debug|x86.Build.0 = Debug|Win32
		{0F33D541-C4D1-4A9C-88CB-24BDF6775D7E}.Release|x64.ActiveCfg = Release|x64
		{0F33D541-C4D1-4A9C-88CB-24BDF6775D7E}.Release|x64.Build.0 = Release|x64
		{0F33D541-C4D1-4A9C-88CB-24BDF6775D7E}.Release|x86.ActiveCfg = Release|Win32
		{0F33D541-C4D1-4A9C-88CB-24BDF6775D7E}.Release|x86.Build.0 = Release|Win32
		{C095FD61-4285-40F5-8360-EBD904A89A92}.Debug|x64.ActiveCfg = Debug|x64
		{C095FD61-4285-40F5-8360-EBD904A89A92}.Debug|x64.Build.0 = Debug|x64
		{C095FD61-4285-40F5-8360-EBD904A89A92}.Debug|x86.ActiveCfg = Debug|Win32
		{C095FD61-4285-40F5-8360-EBD904A89A92}.Debug|x86.Build.0 = Debug|Win32
		{C095FD61-4285-40F5-8360-EBD904A89A92}.Release|x64.ActiveCfg = Release|x64
		{C095FD61-4285-40F5-8360-EBD904A89A92}.Release|x64.Build.0 = Release|x64
		{C095FD61-4285-40F5-8360-EBD904A89A92}.Release|x86.ActiveCfg = Release|Win32
		{C095FD61-4285-40F5-8360-EBD904A89A92}.Release|x86.Build.0 = Release|Win32
	EndGlobalSection
	GlobalSection(SolutionProperties) = preSolution
		HideSolutionNode = FALSE
	EndGlobalSection
	GlobalSection(ExtensibilityGlobals) = postSolution
		SolutionGuid = {62F368A9-6E63-4CC2-9E14-49C27E5B2EF3}
	EndGlobalSection
EndGlobal
